
Microsoft Visual Studio Solution File, Format Version 12.00
# Visual Studio Version 17
VisualStudioVersion = 17.9.34622.214
MinimumVisualStudioVersion = 10.0.40219.1
Project("{9A19103F-16F7-4668-BE54-9A1E7A4F7556}") = "BrewingBuddies", "BrewingBuddies\BrewingBuddies.csproj", "{0036947A-5BD5-473B-8CD9-5C061822DF93}"
EndProject
Project("{9A19103F-16F7-4668-BE54-9A1E7A4F7556}") = "BrewingBuddies_RiotClient", "BrewingBuddies_RiotClient\BrewingBuddies_RiotClient.csproj", "{CCF2FA62-78BE-4C84-8101-B6D1096733B0}"
EndProject
Project("{9A19103F-16F7-4668-BE54-9A1E7A4F7556}") = "BrewingBuddies-Entitys", "BrewingBuddies-Entitys\BrewingBuddies-Entitys.csproj", "{05733B0B-E1EB-424C-8DD2-931D53D55B59}"
EndProject
Project("{9A19103F-16F7-4668-BE54-9A1E7A4F7556}") = "BrewingBuddies_DataService", "BrewingBuddies_DataService\BrewingBuddies_DataService.csproj", "{EFDAB387-19E7-4549-B5C6-F61CB49A66AC}"
EndProject
Project("{9A19103F-16F7-4668-BE54-9A1E7A4F7556}") = "UnitTests", "UnitTests\UnitTests.csproj", "{FD814EBD-FA34-4CDB-8D3A-3AB56E8EE689}"
EndProject
Project("{9A19103F-16F7-4668-BE54-9A1E7A4F7556}") = "BrewingBuddies_BLL", "BrewingBuddies_BLL\BrewingBuddies_BLL.csproj", "{F63BFC2C-9612-4026-9870-77106A2E28ED}"
EndProject
Project("{FAE04EC0-301F-11D3-BF4B-00C04F79EFBC}") = "IntergrationTests", "IntergrationTests\IntergrationTests.csproj", "{442A802D-E39E-4379-9C5D-4BDEF86FF432}"
EndProject
Global
	GlobalSection(SolutionConfigurationPlatforms) = preSolution
		Debug|Any CPU = Debug|Any CPU
		Release|Any CPU = Release|Any CPU
	EndGlobalSection
	GlobalSection(ProjectConfigurationPlatforms) = postSolution
		{0036947A-5BD5-473B-8CD9-5C061822DF93}.Debug|Any CPU.ActiveCfg = Debug|Any CPU
		{0036947A-5BD5-473B-8CD9-5C061822DF93}.Debug|Any CPU.Build.0 = Debug|Any CPU
		{0036947A-5BD5-473B-8CD9-5C061822DF93}.Release|Any CPU.ActiveCfg = Release|Any CPU
		{0036947A-5BD5-473B-8CD9-5C061822DF93}.Release|Any CPU.Build.0 = Release|Any CPU
		{CCF2FA62-78BE-4C84-8101-B6D1096733B0}.Debug|Any CPU.ActiveCfg = Debug|Any CPU
		{CCF2FA62-78BE-4C84-8101-B6D1096733B0}.Debug|Any CPU.Build.0 = Debug|Any CPU
		{CCF2FA62-78BE-4C84-8101-B6D1096733B0}.Release|Any CPU.ActiveCfg = Release|Any CPU
		{CCF2FA62-78BE-4C84-8101-B6D1096733B0}.Release|Any CPU.Build.0 = Release|Any CPU
		{05733B0B-E1EB-424C-8DD2-931D53D55B59}.Debug|Any CPU.ActiveCfg = Debug|Any CPU
		{05733B0B-E1EB-424C-8DD2-931D53D55B59}.Debug|Any CPU.Build.0 = Debug|Any CPU
		{05733B0B-E1EB-424C-8DD2-931D53D55B59}.Release|Any CPU.ActiveCfg = Release|Any CPU
		{05733B0B-E1EB-424C-8DD2-931D53D55B59}.Release|Any CPU.Build.0 = Release|Any CPU
		{EFDAB387-19E7-4549-B5C6-F61CB49A66AC}.Debug|Any CPU.ActiveCfg = Debug|Any CPU
		{EFDAB387-19E7-4549-B5C6-F61CB49A66AC}.Debug|Any CPU.Build.0 = Debug|Any CPU
		{EFDAB387-19E7-4549-B5C6-F61CB49A66AC}.Release|Any CPU.ActiveCfg = Release|Any CPU
		{EFDAB387-19E7-4549-B5C6-F61CB49A66AC}.Release|Any CPU.Build.0 = Release|Any CPU
		{FD814EBD-FA34-4CDB-8D3A-3AB56E8EE689}.Debug|Any CPU.ActiveCfg = Debug|Any CPU
		{FD814EBD-FA34-4CDB-8D3A-3AB56E8EE689}.Debug|Any CPU.Build.0 = Debug|Any CPU
		{FD814EBD-FA34-4CDB-8D3A-3AB56E8EE689}.Release|Any CPU.ActiveCfg = Release|Any CPU
		{FD814EBD-FA34-4CDB-8D3A-3AB56E8EE689}.Release|Any CPU.Build.0 = Release|Any CPU
		{F63BFC2C-9612-4026-9870-77106A2E28ED}.Debug|Any CPU.ActiveCfg = Debug|Any CPU
		{F63BFC2C-9612-4026-9870-77106A2E28ED}.Debug|Any CPU.Build.0 = Debug|Any CPU
		{F63BFC2C-9612-4026-9870-77106A2E28ED}.Release|Any CPU.ActiveCfg = Release|Any CPU
		{F63BFC2C-9612-4026-9870-77106A2E28ED}.Release|Any CPU.Build.0 = Release|Any CPU
		{442A802D-E39E-4379-9C5D-4BDEF86FF432}.Debug|Any CPU.ActiveCfg = Debug|Any CPU
		{442A802D-E39E-4379-9C5D-4BDEF86FF432}.Debug|Any CPU.Build.0 = Debug|Any CPU
		{442A802D-E39E-4379-9C5D-4BDEF86FF432}.Release|Any CPU.ActiveCfg = Release|Any CPU
		{442A802D-E39E-4379-9C5D-4BDEF86FF432}.Release|Any CPU.Build.0 = Release|Any CPU
	EndGlobalSection
	GlobalSection(SolutionProperties) = preSolution
		HideSolutionNode = FALSE
	EndGlobalSection
	GlobalSection(ExtensibilityGlobals) = postSolution
		SolutionGuid = {1E504E0D-A0A6-481E-A292-6DF451CC6CE4}
	EndGlobalSection
EndGlobal
